{
  "requires": true,
  "lockfileVersion": 1,
  "dependencies": {
    "wupeng": {
      "version": "0.0.1",
      "resolved": "https://registry.npmjs.org/wupeng/-/wupeng-0.0.1.tgz",
      "integrity": "sha512-yhkue54+4Ny5Q1ZS9kK44C6WdAsCXMHanNBvS1pjQzjUYMZoc2Ezh0y0rzQHL72gSrYEACRWQyXBKEke5s4lGA=="
    }
  }
}
